
Microsoft Visual Studio Solution File, Format Version 12.00
# Visual Studio Version 16
VisualStudioVersion = 16.0.29418.71
MinimumVisualStudioVersion = 10.0.40219.1
Project("{FAE04EC0-301F-11D3-BF4B-00C04F79EFBC}") = "geneticInformationSystem", "..\geneticInformationSystem\geneticInformationSystem.csproj", "{F95E2A02-B865-411B-BB67-BD9E12885CDD}"
EndProject
Project("{FAE04EC0-301F-11D3-BF4B-00C04F79EFBC}") = "giSystemUtilities", "..\giSystemUtilities\giSystemUtilities.csproj", "{9B69AFF6-0AF9-4E14-8DE3-5BB66C281CC2}"
EndProject
Project("{FAE04EC0-301F-11D3-BF4B-00C04F79EFBC}") = "booleanTestInterface", "..\booleanTestInterface\booleanTestInterface.csproj", "{09652CE8-07C8-4EF1-ACDD-F72989C26D49}"
EndProject
Global
	GlobalSection(SolutionConfigurationPlatforms) = preSolution
		Debug|Any CPU = Debug|Any CPU
		Release|Any CPU = Release|Any CPU
	EndGlobalSection
	GlobalSection(ProjectConfigurationPlatforms) = postSolution
		{F95E2A02-B865-411B-BB67-BD9E12885CDD}.Debug|Any CPU.ActiveCfg = Debug|Any CPU
		{F95E2A02-B865-411B-BB67-BD9E12885CDD}.Debug|Any CPU.Build.0 = Debug|Any CPU
		{F95E2A02-B865-411B-BB67-BD9E12885CDD}.Release|Any CPU.ActiveCfg = Release|Any CPU
		{F95E2A02-B865-411B-BB67-BD9E12885CDD}.Release|Any CPU.Build.0 = Release|Any CPU
		{9B69AFF6-0AF9-4E14-8DE3-5BB66C281CC2}.Debug|Any CPU.ActiveCfg = Debug|Any CPU
		{9B69AFF6-0AF9-4E14-8DE3-5BB66C281CC2}.Debug|Any CPU.Build.0 = Debug|Any CPU
		{9B69AFF6-0AF9-4E14-8DE3-5BB66C281CC2}.Release|Any CPU.ActiveCfg = Release|Any CPU
		{9B69AFF6-0AF9-4E14-8DE3-5BB66C281CC2}.Release|Any CPU.Build.0 = Release|Any CPU
		{09652CE8-07C8-4EF1-ACDD-F72989C26D49}.Debug|Any CPU.ActiveCfg = Debug|Any CPU
		{09652CE8-07C8-4EF1-ACDD-F72989C26D49}.Debug|Any CPU.Build.0 = Debug|Any CPU
		{09652CE8-07C8-4EF1-ACDD-F72989C26D49}.Release|Any CPU.ActiveCfg = Release|Any CPU
		{09652CE8-07C8-4EF1-ACDD-F72989C26D49}.Release|Any CPU.Build.0 = Release|Any CPU
	EndGlobalSection
	GlobalSection(SolutionProperties) = preSolution
		HideSolutionNode = FALSE
	EndGlobalSection
	GlobalSection(ExtensibilityGlobals) = postSolution
		SolutionGuid = {F17440F1-3285-45F3-8E77-282857233CB9}
	EndGlobalSection
EndGlobal
